// !$*UTF8*$!
{
	archiveVersion = 1;
	classes = {
	};
	objectVersion = 50;
	objects = {

/* Begin PBXBuildFile section */
		F79C130A2248BE2E0012FF84 /* AppDelegate.swift in Sources */ = {isa = PBXBuildFile; fileRef = F79C13092248BE2E0012FF84 /* AppDelegate.swift */; };
		F79C130C2248BE2E0012FF84 /* ViewController.swift in Sources */ = {isa = PBXBuildFile; fileRef = F79C130B2248BE2E0012FF84 /* ViewController.swift */; };
		F79C130F2248BE2E0012FF84 /* Main.storyboard in Resources */ = {isa = PBXBuildFile; fileRef = F79C130D2248BE2E0012FF84 /* Main.storyboard */; };
		F79C13112248BE2F0012FF84 /* Assets.xcassets in Resources */ = {isa = PBXBuildFile; fileRef = F79C13102248BE2F0012FF84 /* Assets.xcassets */; };
		F79C13142248BE2F0012FF84 /* LaunchScreen.storyboard in Resources */ = {isa = PBXBuildFile; fileRef = F79C13122248BE2F0012FF84 /* LaunchScreen.storyboard */; };
		F79C131F2248C1950012FF84 /* CryptoEthereumSwift.framework in Frameworks */ = {isa = PBXBuildFile; fileRef = F79C131C2248C1950012FF84 /* CryptoEthereumSwift.framework */; };
		F79C13202248C1950012FF84 /* EthereumKit.framework in Frameworks */ = {isa = PBXBuildFile; fileRef = F79C131D2248C1950012FF84 /* EthereumKit.framework */; };
		F79C13212248C1950012FF84 /* CryptoSwift.framework in Frameworks */ = {isa = PBXBuildFile; fileRef = F79C131E2248C1950012FF84 /* CryptoSwift.framework */; };
/* End PBXBuildFile section */

/* Begin PBXFileReference section */
		F79C13062248BE2E0012FF84 /* EtherWallet.app */ = {isa = PBXFileReference; explicitFileType = wrapper.application; includeInIndex = 0; path = EtherWallet.app; sourceTree = BUILT_PRODUCTS_DIR; };
		F79C13092248BE2E0012FF84 /* AppDelegate.swift */ = {isa = PBXFileReference; lastKnownFileType = sourcecode.swift; path = AppDelegate.swift; sourceTree = "<group>"; };
		F79C130B2248BE2E0012FF84 /* ViewController.swift */ = {isa = PBXFileReference; lastKnownFileType = sourcecode.swift; path = ViewController.swift; sourceTree = "<group>"; };
		F79C130E2248BE2E0012FF84 /* Base */ = {isa = PBXFileReference; lastKnownFileType = file.storyboard; name = Base; path = Base.lproj/Main.storyboard; sourceTree = "<group>"; };
		F79C13102248BE2F0012FF84 /* Assets.xcassets */ = {isa = PBXFileReference; lastKnownFileType = folder.assetcatalog; path = Assets.xcassets; sourceTree = "<group>"; };
		F79C13132248BE2F0012FF84 /* Base */ = {isa = PBXFileReference; lastKnownFileType = file.storyboard; name = Base; path = Base.lproj/LaunchScreen.storyboard; sourceTree = "<group>"; };
		F79C13152248BE2F0012FF84 /* Info.plist */ = {isa = PBXFileReference; lastKnownFileType = text.plist.xml; path = Info.plist; sourceTree = "<group>"; };
		F79C131C2248C1950012FF84 /* CryptoEthereumSwift.framework */ = {isa = PBXFileReference; lastKnownFileType = wrapper.framework; name = CryptoEthereumSwift.framework; path = Carthage/Build/iOS/CryptoEthereumSwift.framework; sourceTree = "<group>"; };
		F79C131D2248C1950012FF84 /* EthereumKit.framework */ = {isa = PBXFileReference; lastKnownFileType = wrapper.framework; name = EthereumKit.framework; path = Carthage/Build/iOS/EthereumKit.framework; sourceTree = "<group>"; };
		F79C131E2248C1950012FF84 /* CryptoSwift.framework */ = {isa = PBXFileReference; lastKnownFileType = wrapper.framework; name = CryptoSwift.framework; path = Carthage/Build/iOS/CryptoSwift.framework; sourceTree = "<group>"; };
/* End PBXFileReference section */

/* Begin PBXFrameworksBuildPhase section */
		F79C13032248BE2E0012FF84 /* Frameworks */ = {
			isa = PBXFrameworksBuildPhase;
			buildActionMask = 2147483647;
			files = (
				F79C131F2248C1950012FF84 /* CryptoEthereumSwift.framework in Frameworks */,
				F79C13202248C1950012FF84 /* EthereumKit.framework in Frameworks */,
				F79C13212248C1950012FF84 /* CryptoSwift.framework in Frameworks */,
			);
			runOnlyForDeploymentPostprocessing = 0;
		};
/* End PBXFrameworksBuildPhase section */

/* Begin PBXGroup section */
		F79C12FD2248BE2E0012FF84 = {
			isa = PBXGroup;
			children = (
				F79C13082248BE2E0012FF84 /* EtherWallet */,
				F79C13072248BE2E0012FF84 /* Products */,
				F79C131B2248C1950012FF84 /* Frameworks */,
			);
			sourceTree = "<group>";
		};
		F79C13072248BE2E0012FF84 /* Products */ = {
			isa = PBXGroup;
			children = (
				F79C13062248BE2E0012FF84 /* EtherWallet.app */,
			);
			name = Products;
			sourceTree = "<group>";
		};
		F79C13082248BE2E0012FF84 /* EtherWallet */ = {
			isa = PBXGroup;
			children = (
				F79C13092248BE2E0012FF84 /* AppDelegate.swift */,
				F79C130B2248BE2E0012FF84 /* ViewController.swift */,
				F79C130D2248BE2E0012FF84 /* Main.storyboard */,
				F79C13102248BE2F0012FF84 /* Assets.xcassets */,
				F79C13122248BE2F0012FF84 /* LaunchScreen.storyboard */,
				F79C13152248BE2F0012FF84 /* Info.plist */,
			);
			path = EtherWallet;
			sourceTree = "<group>";
		};
		F79C131B2248C1950012FF84 /* Frameworks */ = {
			isa = PBXGroup;
			children = (
				F79C131C2248C1950012FF84 /* CryptoEthereumSwift.framework */,
				F79C131E2248C1950012FF84 /* CryptoSwift.framework */,
				F79C131D2248C1950012FF84 /* EthereumKit.framework */,
			);
			name = Frameworks;
			sourceTree = "<group>";
		};
/* End PBXGroup section */

/* Begin PBXNativeTarget section */
		F79C13052248BE2E0012FF84 /* EtherWallet */ = {
			isa = PBXNativeTarget;
			buildConfigurationList = F79C13182248BE2F0012FF84 /* Build configuration list for PBXNativeTarget "EtherWallet" */;
			buildPhases = (
				F79C13022248BE2E0012FF84 /* Sources */,
				F79C13032248BE2E0012FF84 /* Frameworks */,
				F79C13042248BE2E0012FF84 /* Resources */,
				F79C13222248C1E50012FF84 /* ShellScript */,
			);
			buildRules = (
			);
			dependencies = (
			);
			name = EtherWallet;
			productName = EtherWallet;
			productReference = F79C13062248BE2E0012FF84 /* EtherWallet.app */;
			productType = "com.apple.product-type.application";
		};
/* End PBXNativeTarget section */

/* Begin PBXProject section */
		F79C12FE2248BE2E0012FF84 /* Project object */ = {
			isa = PBXProject;
			attributes = {
				LastSwiftUpdateCheck = 1010;
				LastUpgradeCheck = 1010;
				ORGANIZATIONNAME = taiki;
				TargetAttributes = {
					F79C13052248BE2E0012FF84 = {
						CreatedOnToolsVersion = 10.1;
					};
				};
			};
			buildConfigurationList = F79C13012248BE2E0012FF84 /* Build configuration list for PBXProject "EtherWallet" */;
			compatibilityVersion = "Xcode 9.3";
			developmentRegion = en;
			hasScannedForEncodings = 0;
			knownRegions = (
				en,
				Base,
			);
			mainGroup = F79C12FD2248BE2E0012FF84;
			productRefGroup = F79C13072248BE2E0012FF84 /* Products */;
			projectDirPath = "";
			projectRoot = "";
			targets = (
				F79C13052248BE2E0012FF84 /* EtherWallet */,
			);
		};
/* End PBXProject section */

/* Begin PBXResourcesBuildPhase section */
		F79C13042248BE2E0012FF84 /* Resources */ = {
			isa = PBXResourcesBuildPhase;
			buildActionMask = 2147483647;
			files = (
				F79C13142248BE2F0012FF84 /* LaunchScreen.storyboard in Resources */,
				F79C13112248BE2F0012FF84 /* Assets.xcassets in Resources */,
				F79C130F2248BE2E0012FF84 /* Main.storyboard in Resources */,
			);
			runOnlyForDeploymentPostprocessing = 0;
		};
/* End PBXResourcesBuildPhase section */

/* Begin PBXShellScriptBuildPhase section */
		F79C13222248C1E50012FF84 /* ShellScript */ = {
			isa = PBXShellScriptBuildPhase;
			buildActionMask = 2147483647;
			files = (
			);
			inputFileListPaths = (
			);
			inputPaths = (
				"$(SRCROOT)/Carthage/Build/iOS/EthereumKit.framework ",
				"$(SRCROOT)/Carthage/Build/iOS/CryptoEthereumSwift.framework ",
				"$(SRCROOT)/Carthage/Build/iOS/CryptoSwift.framework ",
			);
			outputFileListPaths = (
			);
			outputPaths = (
			);
			runOnlyForDeploymentPostprocessing = 0;
			shellPath = /bin/sh;
			shellScript = "# Type a script or drag a script file from your workspace to insert its path.\n/usr/local/bin/carthage copy-frameworks\n";
		};
/* End PBXShellScriptBuildPhase section */

/* Begin PBXSourcesBuildPhase section */
		F79C13022248BE2E0012FF84 /* Sources */ = {
			isa = PBXSourcesBuildPhase;
			buildActionMask = 2147483647;
			files = (
				F79C130C2248BE2E0012FF84 /* ViewController.swift in Sources */,
				F79C130A2248BE2E0012FF84 /* AppDelegate.swift in Sources */,
			);
			runOnlyForDeploymentPostprocessing = 0;
		};
/* End PBXSourcesBuildPhase section */

/* Begin PBXVariantGroup section */
		F79C130D2248BE2E0012FF84 /* Main.storyboard */ = {
			isa = PBXVariantGroup;
			children = (
				F79C130E2248BE2E0012FF84 /* Base */,
			);
			name = Main.storyboard;
			sourceTree = "<group>";
		};
		F79C13122248BE2F0012FF84 /* LaunchScreen.storyboard */ = {
			isa = PBXVariantGroup;
			children = (
				F79C13132248BE2F0012FF84 /* Base */,
			);
			name = LaunchScreen.storyboard;
			sourceTree = "<group>";
		};
/* End PBXVariantGroup section */

/* Begin XCBuildConfiguration section */
		F79C13162248BE2F0012FF84 /* Debug */ = {
			isa = XCBuildConfiguration;
			buildSettings = {
				ALWAYS_SEARCH_USER_PATHS = NO;
				CLANG_ANALYZER_NONNULL = YES;
				CLANG_ANALYZER_NUMBER_OBJECT_CONVERSION = YES_AGGRESSIVE;
				CLANG_CXX_LANGUAGE_STANDARD = "gnu++14";
				CLANG_CXX_LIBRARY = "libc++";
				CLANG_ENABLE_MODULES = YES;
				CLANG_ENABLE_OBJC_ARC = YES;
				CLANG_ENABLE_OBJC_WEAK = YES;
				CLANG_WARN_BLOCK_CAPTURE_AUTORELEASING = YES;
				CLANG_WARN_BOOL_CONVERSION = YES;
				CLANG_WARN_COMMA = YES;
				CLANG_WARN_CONSTANT_CONVERSION = YES;
				CLANG_WARN_DEPRECATED_OBJC_IMPLEMENTATIONS = YES;
				CLANG_WARN_DIRECT_OBJC_ISA_USAGE = YES_ERROR;
				CLANG_WARN_DOCUMENTATION_COMMENTS = YES;
				CLANG_WARN_EMPTY_BODY = YES;
				CLANG_WARN_ENUM_CONVERSION = YES;
				CLANG_WARN_INFINITE_RECURSION = YES;
				CLANG_WARN_INT_CONVERSION = YES;
				CLANG_WARN_NON_LITERAL_NULL_CONVERSION = YES;
				CLANG_WARN_OBJC_IMPLICIT_RETAIN_SELF = YES;
				CLANG_WARN_OBJC_LITERAL_CONVERSION = YES;
				CLANG_WARN_OBJC_ROOT_CLASS = YES_ERROR;
				CLANG_WARN_RANGE_LOOP_ANALYSIS = YES;
				CLANG_WARN_STRICT_PROTOTYPES = YES;
				CLANG_WARN_SUSPICIOUS_MOVE = YES;
				CLANG_WARN_UNGUARDED_AVAILABILITY = YES_AGGRESSIVE;
				CLANG_WARN_UNREACHABLE_CODE = YES;
				CLANG_WARN__DUPLICATE_METHOD_MATCH = YES;
				CODE_SIGN_IDENTITY = "iPhone Developer";
				COPY_PHASE_STRIP = NO;
				DEBUG_INFORMATION_FORMAT = dwarf;
				ENABLE_STRICT_OBJC_MSGSEND = YES;
				ENABLE_TESTABILITY = YES;
				GCC_C_LANGUAGE_STANDARD = gnu11;
				GCC_DYNAMIC_NO_PIC = NO;
				GCC_NO_COMMON_BLOCKS = YES;
				GCC_OPTIMIZATION_LEVEL = 0;
				GCC_PREPROCESSOR_DEFINITIONS = (
					"DEBUG=1",
					"$(inherited)",
				);
				GCC_WARN_64_TO_32_BIT_CONVERSION = YES;
				GCC_WARN_ABOUT_RETURN_TYPE = YES_ERROR;
				GCC_WARN_UNDECLARED_SELECTOR = YES;
				GCC_WARN_UNINITIALIZED_AUTOS = YES_AGGRESSIVE;
				GCC_WARN_UNUSED_FUNCTION = YES;
				GCC_WARN_UNUSED_VARIABLE = YES;
				IPHONEOS_DEPLOYMENT_TARGET = 12.1;
				MTL_ENABLE_DEBUG_INFO = INCLUDE_SOURCE;
				MTL_FAST_MATH = YES;
				ONLY_ACTIVE_ARCH = YES;
				SDKROOT = iphoneos;
				SWIFT_ACTIVE_COMPILATION_CONDITIONS = DEBUG;
				SWIFT_OPTIMIZATION_LEVEL = "-Onone";
			};
			name = Debug;
		};
		F79C13172248BE2F0012FF84 /* Release */ = {
			isa = XCBuildConfiguration;
			buildSettings = {
				ALWAYS_SEARCH_USER_PATHS = NO;
				CLANG_ANALYZER_NONNULL = YES;
				CLANG_ANALYZER_NUMBER_OBJECT_CONVERSION = YES_AGGRESSIVE;
				CLANG_CXX_LANGUAGE_STANDARD = "gnu++14";
				CLANG_CXX_LIBRARY = "libc++";
				CLANG_ENABLE_MODULES = YES;
				CLANG_ENABLE_OBJC_ARC = YES;
				CLANG_ENABLE_OBJC_WEAK = YES;
				CLANG_WARN_BLOCK_CAPTURE_AUTORELEASING = YES;
				CLANG_WARN_BOOL_CONVERSION = YES;
				CLANG_WARN_COMMA = YES;
				CLANG_WARN_CONSTANT_CONVERSION = YES;
				CLANG_WARN_DEPRECATED_OBJC_IMPLEMENTATIONS = YES;
				CLANG_WARN_DIRECT_OBJC_ISA_USAGE = YES_ERROR;
				CLANG_WARN_DOCUMENTATION_COMMENTS = YES;
				CLANG_WARN_EMPTY_BODY = YES;
				CLANG_WARN_ENUM_CONVERSION = YES;
				CLANG_WARN_INFINITE_RECURSION = YES;
				CLANG_WARN_INT_CONVERSION = YES;
				CLANG_WARN_NON_LITERAL_NULL_CONVERSION = YES;
				CLANG_WARN_OBJC_IMPLICIT_RETAIN_SELF = YES;
				CLANG_WARN_OBJC_LITERAL_CONVERSION = YES;
				CLANG_WARN_OBJC_ROOT_CLASS = YES_ERROR;
				CLANG_WARN_RANGE_LOOP_ANALYSIS = YES;
				CLANG_WARN_STRICT_PROTOTYPES = YES;
				CLANG_WARN_SUSPICIOUS_MOVE = YES;
				CLANG_WARN_UNGUARDED_AVAILABILITY = YES_AGGRESSIVE;
				CLANG_WARN_UNREACHABLE_CODE = YES;
				CLANG_WARN__DUPLICATE_METHOD_MATCH = YES;
				CODE_SIGN_IDENTITY = "iPhone Developer";
				COPY_PHASE_STRIP = NO;
				DEBUG_INFORMATION_FORMAT = "dwarf-with-dsym";
				ENABLE_NS_ASSERTIONS = NO;
				ENABLE_STRICT_OBJC_MSGSEND = YES;
				GCC_C_LANGUAGE_STANDARD = gnu11;
				GCC_NO_COMMON_BLOCKS = YES;
				GCC_WARN_64_TO_32_BIT_CONVERSION = YES;
				GCC_WARN_ABOUT_RETURN_TYPE = YES_ERROR;
				GCC_WARN_UNDECLARED_SELECTOR = YES;
				GCC_WARN_UNINITIALIZED_AUTOS = YES_AGGRESSIVE;
				GCC_WARN_UNUSED_FUNCTION = YES;
				GCC_WARN_UNUSED_VARIABLE = YES;
				IPHONEOS_DEPLOYMENT_TARGET = 12.1;
				MTL_ENABLE_DEBUG_INFO = NO;
				MTL_FAST_MATH = YES;
				SDKROOT = iphoneos;
				SWIFT_COMPILATION_MODE = wholemodule;
				SWIFT_OPTIMIZATION_LEVEL = "-O";
				VALIDATE_PRODUCT = YES;
			};
			name = Release;
		};
		F79C13192248BE2F0012FF84 /* Debug */ = {
			isa = XCBuildConfiguration;
			buildSettings = {
				ASSETCATALOG_COMPILER_APPICON_NAME = AppIcon;
				CODE_SIGN_STYLE = Automatic;
				DEVELOPMENT_TEAM = GS68A638AG;
				FRAMEWORK_SEARCH_PATHS = (
					"$(inherited)",
					"$(PROJECT_DIR)/Carthage/Build/iOS",
				);
				INFOPLIST_FILE = EtherWallet/Info.plist;
				LD_RUNPATH_SEARCH_PATHS = (
					"$(inherited)",
					"@executable_path/Frameworks",
				);
				PRODUCT_BUNDLE_IDENTIFIER = com.taiki.EtherWallet;
				PRODUCT_NAME = "$(TARGET_NAME)";
				SWIFT_VERSION = 4.2;
				TARGETED_DEVICE_FAMILY = "1,2";
			};
			name = Debug;
		};
		F79C131A2248BE2F0012FF84 /* Release */ = {
			isa = XCBuildConfiguration;
			buildSettings = {
				ASSETCATALOG_COMPILER_APPICON_NAME = AppIcon;
				CODE_SIGN_STYLE = Automatic;
				DEVELOPMENT_TEAM = GS68A638AG;
				FRAMEWORK_SEARCH_PATHS = (
					"$(inherited)",
					"$(PROJECT_DIR)/Carthage/Build/iOS",
				);
				INFOPLIST_FILE = EtherWallet/Info.plist;
				LD_RUNPATH_SEARCH_PATHS = (
					"$(inherited)",
					"@executable_path/Frameworks",
				);
				PRODUCT_BUNDLE_IDENTIFIER = com.taiki.EtherWallet;
				PRODUCT_NAME = "$(TARGET_NAME)";
				SWIFT_VERSION = 4.2;
				TARGETED_DEVICE_FAMILY = "1,2";
			};
			name = Release;
		};
/* End XCBuildConfiguration section */

/* Begin XCConfigurationList section */
		F79C13012248BE2E0012FF84 /* Build configuration list for PBXProject "EtherWallet" */ = {
			isa = XCConfigurationList;
			buildConfigurations = (
				F79C13162248BE2F0012FF84 /* Debug */,
				F79C13172248BE2F0012FF84 /* Release */,
			);
			defaultConfigurationIsVisible = 0;
			defaultConfigurationName = Release;
		};
		F79C13182248BE2F0012FF84 /* Build configuration list for PBXNativeTarget "EtherWallet" */ = {
			isa = XCConfigurationList;
			buildConfigurations = (
				F79C13192248BE2F0012FF84 /* Debug */,
				F79C131A2248BE2F0012FF84 /* Release */,
			);
			defaultConfigurationIsVisible = 0;
			defaultConfigurationName = Release;
		};
/* End XCConfigurationList section */
	};
	rootObject = F79C12FE2248BE2E0012FF84 /* Project object */;
}
